
Microsoft Visual Studio Solution File, Format Version 12.00
# Visual Studio Version 16
VisualStudioVersion = 16.0.30406.217
MinimumVisualStudioVersion = 10.0.40219.1
Project("{FAE04EC0-301F-11D3-BF4B-00C04F79EFBC}") = "Time Table Reader", "Time Table Reader\Time Table Reader.csproj", "{75D0389B-0C01-443A-A10A-D8FA6FCF68D5}"
EndProject
Project("{FAE04EC0-301F-11D3-BF4B-00C04F79EFBC}") = "Time Table Reader UWP Library", "Time Table Reader UWP Library\Time Table Reader UWP Library.csproj", "{373021B0-8A0A-4E06-B0D8-DBFD631F563C}"
EndProject
Project("{FAE04EC0-301F-11D3-BF4B-00C04F79EFBC}") = "Time Table Reader UWP", "Time Table Reader UWP\Time Table Reader UWP.csproj", "{A5204806-F9AB-4F9A-A879-A43C251DBE18}"
EndProject
Global
	GlobalSection(SolutionConfigurationPlatforms) = preSolution
		Debug|Any CPU = Debug|Any CPU
		Debug|ARM = Debug|ARM
		Debug|ARM64 = Debug|ARM64
		Debug|x64 = Debug|x64
		Debug|x86 = Debug|x86
		Release|Any CPU = Release|Any CPU
		Release|ARM = Release|ARM
		Release|ARM64 = Release|ARM64
		Release|x64 = Release|x64
		Release|x86 = Release|x86
	EndGlobalSection
	GlobalSection(ProjectConfigurationPlatforms) = postSolution
		{75D0389B-0C01-443A-A10A-D8FA6FCF68D5}.Debug|Any CPU.ActiveCfg = Debug|Any CPU
		{75D0389B-0C01-443A-A10A-D8FA6FCF68D5}.Debug|Any CPU.Build.0 = Debug|Any CPU
		{75D0389B-0C01-443A-A10A-D8FA6FCF68D5}.Debug|ARM.ActiveCfg = Debug|Any CPU
		{75D0389B-0C01-443A-A10A-D8FA6FCF68D5}.Debug|ARM.Build.0 = Debug|Any CPU
		{75D0389B-0C01-443A-A10A-D8FA6FCF68D5}.Debug|ARM64.ActiveCfg = Debug|Any CPU
		{75D0389B-0C01-443A-A10A-D8FA6FCF68D5}.Debug|ARM64.Build.0 = Debug|Any CPU
		{75D0389B-0C01-443A-A10A-D8FA6FCF68D5}.Debug|x64.ActiveCfg = Debug|Any CPU
		{75D0389B-0C01-443A-A10A-D8FA6FCF68D5}.Debug|x64.Build.0 = Debug|Any CPU
		{75D0389B-0C01-443A-A10A-D8FA6FCF68D5}.Debug|x86.ActiveCfg = Debug|Any CPU
		{75D0389B-0C01-443A-A10A-D8FA6FCF68D5}.Debug|x86.Build.0 = Debug|Any CPU
		{75D0389B-0C01-443A-A10A-D8FA6FCF68D5}.Release|Any CPU.ActiveCfg = Release|Any CPU
		{75D0389B-0C01-443A-A10A-D8FA6FCF68D5}.Release|Any CPU.Build.0 = Release|Any CPU
		{75D0389B-0C01-443A-A10A-D8FA6FCF68D5}.Release|ARM.ActiveCfg = Release|Any CPU
		{75D0389B-0C01-443A-A10A-D8FA6FCF68D5}.Release|ARM.Build.0 = Release|Any CPU
		{75D0389B-0C01-443A-A10A-D8FA6FCF68D5}.Release|ARM64.ActiveCfg = Release|Any CPU
		{75D0389B-0C01-443A-A10A-D8FA6FCF68D5}.Release|ARM64.Build.0 = Release|Any CPU
		{75D0389B-0C01-443A-A10A-D8FA6FCF68D5}.Release|x64.ActiveCfg = Release|Any CPU
		{75D0389B-0C01-443A-A10A-D8FA6FCF68D5}.Release|x64.Build.0 = Release|Any CPU
		{75D0389B-0C01-443A-A10A-D8FA6FCF68D5}.Release|x86.ActiveCfg = Release|Any CPU
		{75D0389B-0C01-443A-A10A-D8FA6FCF68D5}.Release|x86.Build.0 = Release|Any CPU
		{373021B0-8A0A-4E06-B0D8-DBFD631F563C}.Debug|Any CPU.ActiveCfg = Debug|Any CPU
		{373021B0-8A0A-4E06-B0D8-DBFD631F563C}.Debug|Any CPU.Build.0 = Debug|Any CPU
		{373021B0-8A0A-4E06-B0D8-DBFD631F563C}.Debug|ARM.ActiveCfg = Debug|ARM
		{373021B0-8A0A-4E06-B0D8-DBFD631F563C}.Debug|ARM.Build.0 = Debug|ARM
		{373021B0-8A0A-4E06-B0D8-DBFD631F563C}.Debug|ARM64.ActiveCfg = Debug|ARM64
		{373021B0-8A0A-4E06-B0D8-DBFD631F563C}.Debug|ARM64.Build.0 = Debug|ARM64
		{373021B0-8A0A-4E06-B0D8-DBFD631F563C}.Debug|x64.ActiveCfg = Debug|x64
		{373021B0-8A0A-4E06-B0D8-DBFD631F563C}.Debug|x64.Build.0 = Debug|x64
		{373021B0-8A0A-4E06-B0D8-DBFD631F563C}.Debug|x86.ActiveCfg = Debug|x86
		{373021B0-8A0A-4E06-B0D8-DBFD631F563C}.Debug|x86.Build.0 = Debug|x86
		{373021B0-8A0A-4E06-B0D8-DBFD631F563C}.Release|Any CPU.ActiveCfg = Release|Any CPU
		{373021B0-8A0A-4E06-B0D8-DBFD631F563C}.Release|Any CPU.Build.0 = Release|Any CPU
		{373021B0-8A0A-4E06-B0D8-DBFD631F563C}.Release|ARM.ActiveCfg = Release|ARM
		{373021B0-8A0A-4E06-B0D8-DBFD631F563C}.Release|ARM.Build.0 = Release|ARM
		{373021B0-8A0A-4E06-B0D8-DBFD631F563C}.Release|ARM64.ActiveCfg = Release|ARM64
		{373021B0-8A0A-4E06-B0D8-DBFD631F563C}.Release|ARM64.Build.0 = Release|ARM64
		{373021B0-8A0A-4E06-B0D8-DBFD631F563C}.Release|x64.ActiveCfg = Release|x64
		{373021B0-8A0A-4E06-B0D8-DBFD631F563C}.Release|x64.Build.0 = Release|x64
		{373021B0-8A0A-4E06-B0D8-DBFD631F563C}.Release|x86.ActiveCfg = Release|x86
		{373021B0-8A0A-4E06-B0D8-DBFD631F563C}.Release|x86.Build.0 = Release|x86
		{A5204806-F9AB-4F9A-A879-A43C251DBE18}.Debug|Any CPU.ActiveCfg = Debug|x86
		{A5204806-F9AB-4F9A-A879-A43C251DBE18}.Debug|Any CPU.Build.0 = Debug|x86
		{A5204806-F9AB-4F9A-A879-A43C251DBE18}.Debug|Any CPU.Deploy.0 = Debug|x86
		{A5204806-F9AB-4F9A-A879-A43C251DBE18}.Debug|ARM.ActiveCfg = Debug|ARM
		{A5204806-F9AB-4F9A-A879-A43C251DBE18}.Debug|ARM.Build.0 = Debug|ARM
		{A5204806-F9AB-4F9A-A879-A43C251DBE18}.Debug|ARM.Deploy.0 = Debug|ARM
		{A5204806-F9AB-4F9A-A879-A43C251DBE18}.Debug|ARM64.ActiveCfg = Debug|ARM64
		{A5204806-F9AB-4F9A-A879-A43C251DBE18}.Debug|ARM64.Build.0 = Debug|ARM64
		{A5204806-F9AB-4F9A-A879-A43C251DBE18}.Debug|ARM64.Deploy.0 = Debug|ARM64
		{A5204806-F9AB-4F9A-A879-A43C251DBE18}.Debug|x64.ActiveCfg = Debug|x64
		{A5204806-F9AB-4F9A-A879-A43C251DBE18}.Debug|x64.Build.0 = Debug|x64
		{A5204806-F9AB-4F9A-A879-A43C251DBE18}.Debug|x64.Deploy.0 = Debug|x64
		{A5204806-F9AB-4F9A-A879-A43C251DBE18}.Debug|x86.ActiveCfg = Debug|x86
		{A5204806-F9AB-4F9A-A879-A43C251DBE18}.Debug|x86.Build.0 = Debug|x86
		{A5204806-F9AB-4F9A-A879-A43C251DBE18}.Debug|x86.Deploy.0 = Debug|x86
		{A5204806-F9AB-4F9A-A879-A43C251DBE18}.Release|Any CPU.ActiveCfg = Release|x86
		{A5204806-F9AB-4F9A-A879-A43C251DBE18}.Release|ARM.ActiveCfg = Release|ARM
		{A5204806-F9AB-4F9A-A879-A43C251DBE18}.Release|ARM.Build.0 = Release|ARM
		{A5204806-F9AB-4F9A-A879-A43C251DBE18}.Release|ARM.Deploy.0 = Release|ARM
		{A5204806-F9AB-4F9A-A879-A43C251DBE18}.Release|ARM64.ActiveCfg = Release|ARM64
		{A5204806-F9AB-4F9A-A879-A43C251DBE18}.Release|ARM64.Build.0 = Release|ARM64
		{A5204806-F9AB-4F9A-A879-A43C251DBE18}.Release|ARM64.Deploy.0 = Release|ARM64
		{A5204806-F9AB-4F9A-A879-A43C251DBE18}.Release|x64.ActiveCfg = Release|x64
		{A5204806-F9AB-4F9A-A879-A43C251DBE18}.Release|x64.Build.0 = Release|x64
		{A5204806-F9AB-4F9A-A879-A43C251DBE18}.Release|x64.Deploy.0 = Release|x64
		{A5204806-F9AB-4F9A-A879-A43C251DBE18}.Release|x86.ActiveCfg = Release|x86
		{A5204806-F9AB-4F9A-A879-A43C251DBE18}.Release|x86.Build.0 = Release|x86
		{A5204806-F9AB-4F9A-A879-A43C251DBE18}.Release|x86.Deploy.0 = Release|x86
	EndGlobalSection
	GlobalSection(SolutionProperties) = preSolution
		HideSolutionNode = FALSE
	EndGlobalSection
	GlobalSection(ExtensibilityGlobals) = postSolution
		SolutionGuid = {F582723C-7B80-4F26-935F-CCE85787AB9C}
	EndGlobalSection
EndGlobal
